# This file is generated by running "yarn install" inside your project.
# Manual changes might be lost - proceed with caution!

__metadata:
  version: 6
  cacheKey: 8

"dotreasury@workspace:.":
  version: 0.0.0-use.local
  resolution: "dotreasury@workspace:."
  dependencies:
    husky: ^7.0.2
    pinst: ^2.1.6
    prettier: ^2.2.1
  languageName: unknown
  linkType: soft

"fromentries@npm:^1.3.2":
  version: 1.3.2
  resolution: "fromentries@npm:1.3.2"
  checksum: 33729c529ce19f5494f846f0dd4945078f4e37f4e8955f4ae8cc7385c218f600e9d93a7d225d17636c20d1889106fd87061f911550861b7072f53bf891e6b341
  languageName: node
  linkType: hard

"husky@npm:^7.0.2":
  version: 7.0.4
  resolution: "husky@npm:7.0.4"
  bin:
    husky: lib/bin.js
  checksum: c6ec4af63da2c9522da8674a20ad9b48362cc92704896cc8a58c6a2a39d797feb2b806f93fbd83a6d653fbdceb2c3b6e0b602c6b2e8565206ffc2882ef7db9e9
  languageName: node
  linkType: hard

"pinst@npm:^2.1.6":
  version: 2.1.6
  resolution: "pinst@npm:2.1.6"
  dependencies:
    fromentries: ^1.3.2
  bin:
    pinst: bin.js
  checksum: 3644c352a7a956a0a299012609783456e055b2c4dab274bcbe8ea86d3347355a0552da31a7f3fb6ce91d6102f27b6dde64edd69c2cdaaeb811b87bf205655e36
  languageName: node
  linkType: hard

"prettier@npm:^2.2.1":
  version: 2.8.1
  resolution: "prettier@npm:2.8.1"
  bin:
    prettier: bin-prettier.js
  checksum: 4f21a0f1269f76fb36f54e9a8a1ea4c11e27478958bf860661fb4b6d7ac69aac1581f8724fa98ea3585e56d42a2ea317a17ff6e3324f40cb11ff9e20b73785cc
  languageName: node
  linkType: hard
